// !$*UTF8*$!
{
	archiveVersion = 1;
	classes = {
	};
	objectVersion = 46;
	objects = {

/* Begin PBXBuildFile section */
		580C53E21F87741F00706198 /* AppDelegate.swift in Sources */ = {isa = PBXBuildFile; fileRef = 580C53E11F87741F00706198 /* AppDelegate.swift */; };
		580C53E41F87741F00706198 /* ViewController.swift in Sources */ = {isa = PBXBuildFile; fileRef = 580C53E31F87741F00706198 /* ViewController.swift */; };
		580C53E71F87741F00706198 /* Main.storyboard in Resources */ = {isa = PBXBuildFile; fileRef = 580C53E51F87741F00706198 /* Main.storyboard */; };
		580C53EA1F87741F00706198 /* KindleClone.xcdatamodeld in Sources */ = {isa = PBXBuildFile; fileRef = 580C53E81F87741F00706198 /* KindleClone.xcdatamodeld */; };
		580C53EC1F87741F00706198 /* Assets.xcassets in Resources */ = {isa = PBXBuildFile; fileRef = 580C53EB1F87741F00706198 /* Assets.xcassets */; };
		580C53EF1F87741F00706198 /* LaunchScreen.storyboard in Resources */ = {isa = PBXBuildFile; fileRef = 580C53ED1F87741F00706198 /* LaunchScreen.storyboard */; };
/* End PBXBuildFile section */

/* Begin PBXFileReference section */
		580C53DE1F87741F00706198 /* KindleClone.app */ = {isa = PBXFileReference; explicitFileType = wrapper.application; includeInIndex = 0; path = KindleClone.app; sourceTree = BUILT_PRODUCTS_DIR; };
		580C53E11F87741F00706198 /* AppDelegate.swift */ = {isa = PBXFileReference; lastKnownFileType = sourcecode.swift; path = AppDelegate.swift; sourceTree = "<group>"; };
		580C53E31F87741F00706198 /* ViewController.swift */ = {isa = PBXFileReference; lastKnownFileType = sourcecode.swift; path = ViewController.swift; sourceTree = "<group>"; };
		580C53E61F87741F00706198 /* Base */ = {isa = PBXFileReference; lastKnownFileType = file.storyboard; name = Base; path = Base.lproj/Main.storyboard; sourceTree = "<group>"; };
		580C53E91F87741F00706198 /* KindleClone.xcdatamodel */ = {isa = PBXFileReference; lastKnownFileType = wrapper.xcdatamodel; path = KindleClone.xcdatamodel; sourceTree = "<group>"; };
		580C53EB1F87741F00706198 /* Assets.xcassets */ = {isa = PBXFileReference; lastKnownFileType = folder.assetcatalog; path = Assets.xcassets; sourceTree = "<group>"; };
		580C53EE1F87741F00706198 /* Base */ = {isa = PBXFileReference; lastKnownFileType = file.storyboard; name = Base; path = Base.lproj/LaunchScreen.storyboard; sourceTree = "<group>"; };
		580C53F01F87741F00706198 /* Info.plist */ = {isa = PBXFileReference; lastKnownFileType = text.plist.xml; path = Info.plist; sourceTree = "<group>"; };
/* End PBXFileReference section */

/* Begin PBXFrameworksBuildPhase section */
		580C53DB1F87741F00706198 /* Frameworks */ = {
			isa = PBXFrameworksBuildPhase;
			buildActionMask = 2147483647;
			files = (
			);
			runOnlyForDeploymentPostprocessing = 0;
		};
/* End PBXFrameworksBuildPhase section */

/* Begin PBXGroup section */
		580C53D51F87741F00706198 = {
			isa = PBXGroup;
			children = (
				580C53E01F87741F00706198 /* KindleClone */,
				580C53DF1F87741F00706198 /* Products */,
			);
			sourceTree = "<group>";
		};
		580C53DF1F87741F00706198 /* Products */ = {
			isa = PBXGroup;
			children = (
				580C53DE1F87741F00706198 /* KindleClone.app */,
			);
			name = Products;
			sourceTree = "<group>";
		};
		580C53E01F87741F00706198 /* KindleClone */ = {
			isa = PBXGroup;
			children = (
				580C53E11F87741F00706198 /* AppDelegate.swift */,
				580C53E31F87741F00706198 /* ViewController.swift */,
				580C53E51F87741F00706198 /* Main.storyboard */,
				580C53EB1F87741F00706198 /* Assets.xcassets */,
				580C53ED1F87741F00706198 /* LaunchScreen.storyboard */,
				580C53F01F87741F00706198 /* Info.plist */,
				580C53E81F87741F00706198 /* KindleClone.xcdatamodeld */,
			);
			path = KindleClone;
			sourceTree = "<group>";
		};
/* End PBXGroup section */

/* Begin PBXNativeTarget section */
		580C53DD1F87741F00706198 /* KindleClone */ = {
			isa = PBXNativeTarget;
			buildConfigurationList = 580C53F31F87741F00706198 /* Build configuration list for PBXNativeTarget "KindleClone" */;
			buildPhases = (
				580C53DA1F87741F00706198 /* Sources */,
				580C53DB1F87741F00706198 /* Frameworks */,
				580C53DC1F87741F00706198 /* Resources */,
			);
			buildRules = (
			);
			dependencies = (
			);
			name = KindleClone;
			productName = KindleClone;
			productReference = 580C53DE1F87741F00706198 /* KindleClone.app */;
			productType = "com.apple.product-type.application";
		};
/* End PBXNativeTarget section */

/* Begin PBXProject section */
		580C53D61F87741F00706198 /* Project object */ = {
			isa = PBXProject;
			attributes = {
				LastSwiftUpdateCheck = 0830;
				LastUpgradeCheck = 0830;
				ORGANIZATIONNAME = "Wadee AbuZant";
				TargetAttributes = {
					580C53DD1F87741F00706198 = {
						CreatedOnToolsVersion = 8.3.3;
						DevelopmentTeam = 6X23ZM2NS9;
						ProvisioningStyle = Automatic;
					};
				};
			};
			buildConfigurationList = 580C53D91F87741F00706198 /* Build configuration list for PBXProject "KindleClone" */;
			compatibilityVersion = "Xcode 3.2";
			developmentRegion = English;
			hasScannedForEncodings = 0;
			knownRegions = (
				en,
				Base,
			);
			mainGroup = 580C53D51F87741F00706198;
			productRefGroup = 580C53DF1F87741F00706198 /* Products */;
			projectDirPath = "";
			projectRoot = "";
			targets = (
				580C53DD1F87741F00706198 /* KindleClone */,
			);
		};
/* End PBXProject section */

/* Begin PBXResourcesBuildPhase section */
		580C53DC1F87741F00706198 /* Resources */ = {
			isa = PBXResourcesBuildPhase;
			buildActionMask = 2147483647;
			files = (
				580C53EF1F87741F00706198 /* LaunchScreen.storyboard in Resources */,
				580C53EC1F87741F00706198 /* Assets.xcassets in Resources */,
				580C53E71F87741F00706198 /* Main.storyboard in Resources */,
			);
			runOnlyForDeploymentPostprocessing = 0;
		};
/* End PBXResourcesBuildPhase section */

/* Begin PBXSourcesBuildPhase section */
		580C53DA1F87741F00706198 /* Sources */ = {
			isa = PBXSourcesBuildPhase;
			buildActionMask = 2147483647;
			files = (
				580C53E41F87741F00706198 /* ViewController.swift in Sources */,
				580C53EA1F87741F00706198 /* KindleClone.xcdatamodeld in Sources */,
				580C53E21F87741F00706198 /* AppDelegate.swift in Sources */,
			);
			runOnlyForDeploymentPostprocessing = 0;
		};
/* End PBXSourcesBuildPhase section */

/* Begin PBXVariantGroup section */
		580C53E51F87741F00706198 /* Main.storyboard */ = {
			isa = PBXVariantGroup;
			children = (
				580C53E61F87741F00706198 /* Base */,
			);
			name = Main.storyboard;
			sourceTree = "<group>";
		};
		580C53ED1F87741F00706198 /* LaunchScreen.storyboard */ = {
			isa = PBXVariantGroup;
			children = (
				580C53EE1F87741F00706198 /* Base */,
			);
			name = LaunchScreen.storyboard;
			sourceTree = "<group>";
		};
/* End PBXVariantGroup section */

/* Begin XCBuildConfiguration section */
		580C53F11F87741F00706198 /* Debug */ = {
			isa = XCBuildConfiguration;
			buildSettings = {
				ALWAYS_SEARCH_USER_PATHS = NO;
				CLANG_ANALYZER_NONNULL = YES;
				CLANG_ANALYZER_NUMBER_OBJECT_CONVERSION = YES_AGGRESSIVE;
				CLANG_CXX_LANGUAGE_STANDARD = "gnu++0x";
				CLANG_CXX_LIBRARY = "libc++";
				CLANG_ENABLE_MODULES = YES;
				CLANG_ENABLE_OBJC_ARC = YES;
				CLANG_WARN_BOOL_CONVERSION = YES;
				CLANG_WARN_CONSTANT_CONVERSION = YES;
				CLANG_WARN_DIRECT_OBJC_ISA_USAGE = YES_ERROR;
				CLANG_WARN_DOCUMENTATION_COMMENTS = YES;
				CLANG_WARN_EMPTY_BODY = YES;
				CLANG_WARN_ENUM_CONVERSION = YES;
				CLANG_WARN_INFINITE_RECURSION = YES;
				CLANG_WARN_INT_CONVERSION = YES;
				CLANG_WARN_OBJC_ROOT_CLASS = YES_ERROR;
				CLANG_WARN_SUSPICIOUS_MOVE = YES;
				CLANG_WARN_UNREACHABLE_CODE = YES;
				CLANG_WARN__DUPLICATE_METHOD_MATCH = YES;
				"CODE_SIGN_IDENTITY[sdk=iphoneos*]" = "iPhone Developer";
				COPY_PHASE_STRIP = NO;
				DEBUG_INFORMATION_FORMAT = dwarf;
				ENABLE_STRICT_OBJC_MSGSEND = YES;
				ENABLE_TESTABILITY = YES;
				GCC_C_LANGUAGE_STANDARD = gnu99;
				GCC_DYNAMIC_NO_PIC = NO;
				GCC_NO_COMMON_BLOCKS = YES;
				GCC_OPTIMIZATION_LEVEL = 0;
				GCC_PREPROCESSOR_DEFINITIONS = (
					"DEBUG=1",
					"$(inherited)",
				);
				GCC_WARN_64_TO_32_BIT_CONVERSION = YES;
				GCC_WARN_ABOUT_RETURN_TYPE = YES_ERROR;
				GCC_WARN_UNDECLARED_SELECTOR = YES;
				GCC_WARN_UNINITIALIZED_AUTOS = YES_AGGRESSIVE;
				GCC_WARN_UNUSED_FUNCTION = YES;
				GCC_WARN_UNUSED_VARIABLE = YES;
				IPHONEOS_DEPLOYMENT_TARGET = 10.3;
				MTL_ENABLE_DEBUG_INFO = YES;
				ONLY_ACTIVE_ARCH = YES;
				SDKROOT = iphoneos;
				SWIFT_ACTIVE_COMPILATION_CONDITIONS = DEBUG;
				SWIFT_OPTIMIZATION_LEVEL = "-Onone";
				TARGETED_DEVICE_FAMILY = "1,2";
			};
			name = Debug;
		};
		580C53F21F87741F00706198 /* Release */ = {
			isa = XCBuildConfiguration;
			buildSettings = {
				ALWAYS_SEARCH_USER_PATHS = NO;
				CLANG_ANALYZER_NONNULL = YES;
				CLANG_ANALYZER_NUMBER_OBJECT_CONVERSION = YES_AGGRESSIVE;
				CLANG_CXX_LANGUAGE_STANDARD = "gnu++0x";
				CLANG_CXX_LIBRARY = "libc++";
				CLANG_ENABLE_MODULES = YES;
				CLANG_ENABLE_OBJC_ARC = YES;
				CLANG_WARN_BOOL_CONVERSION = YES;
				CLANG_WARN_CONSTANT_CONVERSION = YES;
				CLANG_WARN_DIRECT_OBJC_ISA_USAGE = YES_ERROR;
				CLANG_WARN_DOCUMENTATION_COMMENTS = YES;
				CLANG_WARN_EMPTY_BODY = YES;
				CLANG_WARN_ENUM_CONVERSION = YES;
				CLANG_WARN_INFINITE_RECURSION = YES;
				CLANG_WARN_INT_CONVERSION = YES;
				CLANG_WARN_OBJC_ROOT_CLASS = YES_ERROR;
				CLANG_WARN_SUSPICIOUS_MOVE = YES;
				CLANG_WARN_UNREACHABLE_CODE = YES;
				CLANG_WARN__DUPLICATE_METHOD_MATCH = YES;
				"CODE_SIGN_IDENTITY[sdk=iphoneos*]" = "iPhone Developer";
				COPY_PHASE_STRIP = NO;
				DEBUG_INFORMATION_FORMAT = "dwarf-with-dsym";
				ENABLE_NS_ASSERTIONS = NO;
				ENABLE_STRICT_OBJC_MSGSEND = YES;
				GCC_C_LANGUAGE_STANDARD = gnu99;
				GCC_NO_COMMON_BLOCKS = YES;
				GCC_WARN_64_TO_32_BIT_CONVERSION = YES;
				GCC_WARN_ABOUT_RETURN_TYPE = YES_ERROR;
				GCC_WARN_UNDECLARED_SELECTOR = YES;
				GCC_WARN_UNINITIALIZED_AUTOS = YES_AGGRESSIVE;
				GCC_WARN_UNUSED_FUNCTION = YES;
				GCC_WARN_UNUSED_VARIABLE = YES;
				IPHONEOS_DEPLOYMENT_TARGET = 10.3;
				MTL_ENABLE_DEBUG_INFO = NO;
				SDKROOT = iphoneos;
				SWIFT_OPTIMIZATION_LEVEL = "-Owholemodule";
				TARGETED_DEVICE_FAMILY = "1,2";
				VALIDATE_PRODUCT = YES;
			};
			name = Release;
		};
		580C53F41F87741F00706198 /* Debug */ = {
			isa = XCBuildConfiguration;
			buildSettings = {
				ASSETCATALOG_COMPILER_APPICON_NAME = AppIcon;
				DEVELOPMENT_TEAM = 6X23ZM2NS9;
				INFOPLIST_FILE = KindleClone/Info.plist;
				LD_RUNPATH_SEARCH_PATHS = "$(inherited) @executable_path/Frameworks";
				PRODUCT_BUNDLE_IDENTIFIER = com.wadeesami.calc.KindleClone;
				PRODUCT_NAME = "$(TARGET_NAME)";
				SWIFT_VERSION = 3.0;
			};
			name = Debug;
		};
		580C53F51F87741F00706198 /* Release */ = {
			isa = XCBuildConfiguration;
			buildSettings = {
				ASSETCATALOG_COMPILER_APPICON_NAME = AppIcon;
				DEVELOPMENT_TEAM = 6X23ZM2NS9;
				INFOPLIST_FILE = KindleClone/Info.plist;
				LD_RUNPATH_SEARCH_PATHS = "$(inherited) @executable_path/Frameworks";
				PRODUCT_BUNDLE_IDENTIFIER = com.wadeesami.calc.KindleClone;
				PRODUCT_NAME = "$(TARGET_NAME)";
				SWIFT_VERSION = 3.0;
			};
			name = Release;
		};
/* End XCBuildConfiguration section */

/* Begin XCConfigurationList section */
		580C53D91F87741F00706198 /* Build configuration list for PBXProject "KindleClone" */ = {
			isa = XCConfigurationList;
			buildConfigurations = (
				580C53F11F87741F00706198 /* Debug */,
				580C53F21F87741F00706198 /* Release */,
			);
			defaultConfigurationIsVisible = 0;
			defaultConfigurationName = Release;
		};
		580C53F31F87741F00706198 /* Build configuration list for PBXNativeTarget "KindleClone" */ = {
			isa = XCConfigurationList;
			buildConfigurations = (
				580C53F41F87741F00706198 /* Debug */,
				580C53F51F87741F00706198 /* Release */,
			);
			defaultConfigurationIsVisible = 0;
		};
/* End XCConfigurationList section */

/* Begin XCVersionGroup section */
		580C53E81F87741F00706198 /* KindleClone.xcdatamodeld */ = {
			isa = XCVersionGroup;
			children = (
				580C53E91F87741F00706198 /* KindleClone.xcdatamodel */,
			);
			currentVersion = 580C53E91F87741F00706198 /* KindleClone.xcdatamodel */;
			path = KindleClone.xcdatamodeld;
			sourceTree = "<group>";
			versionGroupType = wrapper.xcdatamodel;
		};
/* End XCVersionGroup section */
	};
	rootObject = 580C53D61F87741F00706198 /* Project object */;
}
